
Microsoft Visual Studio Solution File, Format Version 12.00
# Visual Studio Version 16
VisualStudioVersion = 16.0.32602.291
MinimumVisualStudioVersion = 10.0.40219.1
Project("{9A19103F-16F7-4668-BE54-9A1E7A4F7556}") = "OnlineShop.Tests", "OnlineShop.Tests.csproj", "{58DB2277-4304-4CEB-84DF-29ADAC0235F7}"
EndProject
Global
	GlobalSection(SolutionConfigurationPlatforms) = preSolution
		Debug|Any CPU = Debug|Any CPU
		Release|Any CPU = Release|Any CPU
	EndGlobalSection
	GlobalSection(ProjectConfigurationPlatforms) = postSolution
		{58DB2277-4304-4CEB-84DF-29ADAC0235F7}.Debug|Any CPU.ActiveCfg = Debug|Any CPU
		{58DB2277-4304-4CEB-84DF-29ADAC0235F7}.Debug|Any CPU.Build.0 = Debug|Any CPU
		{58DB2277-4304-4CEB-84DF-29ADAC0235F7}.Release|Any CPU.ActiveCfg = Release|Any CPU
		{58DB2277-4304-4CEB-84DF-29ADAC0235F7}.Release|Any CPU.Build.0 = Release|Any CPU
	EndGlobalSection
	GlobalSection(SolutionProperties) = preSolution
		HideSolutionNode = FALSE
	EndGlobalSection
	GlobalSection(ExtensibilityGlobals) = postSolution
		SolutionGuid = {D5086E21-2DAB-412F-9963-F8DBC3AC1E6D}
	EndGlobalSection
EndGlobal
